hash: ea28ba13cd0d733cabb52755d42b0e3219337e98dee552c0758e441f8e08ccd2
updated: 2017-07-11T15:23:37.204299308+02:00
imports:
- name: github.com/bobesa/go-domain-util
  version: b0f58b2366836c2600dac855dc832a774fc19b6e
  subpackages:
  - domainutil
- name: github.com/elazarl/go-bindata-assetfs
  version: 30f82fa23fd844bd5bb1e5f216db87fd77b5eb43
- name: github.com/evilsocket/brutemachine
  version: 2113acfb10313cf6b37bfd451480f9ae342e4da0
- name: github.com/fatih/color
  version: 570b54cabe6b8eb0bc2dfce68d964677d63b5260
- name: github.com/gin-contrib/sse
  version: 22d885f9ecc78bf4ee5d72b937e4bbcdc58e8cae
- name: github.com/gin-gonic/contrib
  version: d4fc5a96cc0d29cb0e862bb1312dd6f4fedfcaee
  subpackages:
  - static
- name: github.com/gin-gonic/gin
  version: 02a6f9b6bc8ffba2e8b55ca78d5a9448ea8aef1e
  subpackages:
  - binding
  - render
- name: github.com/golang/protobuf
  version: 6a1fa9404c0aebf36c879bc50152edcc953910d2
  subpackages:
  - proto
- name: github.com/google/go-querystring
  version: 53e6ce116135b80d037921a7fdd5138cf32d7a8a
  subpackages:
  - query
- name: github.com/json-iterator/go
  version: 845d8438db34cc782608bbee7647a522b4e87de0
- name: github.com/mattn/go-isatty
  version: 57fdcb988a5c543893cc61bce354a6e24ab70022
- name: github.com/miekg/dns
  version: 0559e6d230af0a3a7273853cb6994ebea21bfbe5
- name: github.com/ns3777k/go-shodan
  version: ff5ba7374441daa8cc939a9dfcd07bcf6e680edb
  subpackages:
  - shodan
- name: github.com/olekukonko/tablewriter
  version: febf2d34b54a69ce7530036c7503b1c9fbfdf0bb
- name: github.com/ugorji/go
  version: 5efa3251c7f7d05e5d9704a69a984ec9f1386a40
  subpackages:
  - codec
- name: golang.org/x/net
  version: 1f9224279e98554b6a6432d4dd998a739f8b2b7c
  subpackages:
  - html
  - html/atom
- name: golang.org/x/sys
  version: abf9c25f54453410d0c6668e519582a9e1115027
  subpackages:
  - unix
- name: gopkg.in/go-playground/validator.v8
  version: 5f57d2222ad794d0dffb07e664ea05e2ee07d60c
- name: gopkg.in/yaml.v2
  version: cd8b52f8269e0feb286dfeef29f8fe4d5b397e0b
testImports: []
